
Microsoft Visual Studio Solution File, Format Version 12.00
# Visual Studio Version 16
VisualStudioVersion = 16.0.29519.181
MinimumVisualStudioVersion = 10.0.40219.1
Project("{FAE04EC0-301F-11D3-BF4B-00C04F79EFBC}") = "SampleApp.Android", "SampleApp\SampleApp.Android\SampleApp.Android.csproj", "{35CE700D-80FE-4F8C-8CE2-D172E2D3CF76}"
EndProject
Project("{FAE04EC0-301F-11D3-BF4B-00C04F79EFBC}") = "SampleApp.iOS", "SampleApp\SampleApp.iOS\SampleApp.iOS.csproj", "{305DBE80-841A-4243-874E-D757276A94B5}"
EndProject
Project("{FAE04EC0-301F-11D3-BF4B-00C04F79EFBC}") = "SampleApp", "SampleApp\SampleApp\SampleApp.csproj", "{A76530AE-8B9E-4186-8857-E8E3CD1910BA}"
EndProject
Global
	GlobalSection(SolutionConfigurationPlatforms) = preSolution
		Debug|Any CPU = Debug|Any CPU
		Debug|iPhone = Debug|iPhone
		Debug|iPhoneSimulator = Debug|iPhoneSimulator
		Release|Any CPU = Release|Any CPU
		Release|iPhone = Release|iPhone
		Release|iPhoneSimulator = Release|iPhoneSimulator
	EndGlobalSection
	GlobalSection(ProjectConfigurationPlatforms) = postSolution
		{35CE700D-80FE-4F8C-8CE2-D172E2D3CF76}.Debug|Any CPU.ActiveCfg = Debug|Any CPU
		{35CE700D-80FE-4F8C-8CE2-D172E2D3CF76}.Debug|Any CPU.Build.0 = Debug|Any CPU
		{35CE700D-80FE-4F8C-8CE2-D172E2D3CF76}.Debug|Any CPU.Deploy.0 = Debug|Any CPU
		{35CE700D-80FE-4F8C-8CE2-D172E2D3CF76}.Debug|iPhone.ActiveCfg = Debug|Any CPU
		{35CE700D-80FE-4F8C-8CE2-D172E2D3CF76}.Debug|iPhone.Build.0 = Debug|Any CPU
		{35CE700D-80FE-4F8C-8CE2-D172E2D3CF76}.Debug|iPhone.Deploy.0 = Debug|Any CPU
		{35CE700D-80FE-4F8C-8CE2-D172E2D3CF76}.Debug|iPhoneSimulator.ActiveCfg = Debug|Any CPU
		{35CE700D-80FE-4F8C-8CE2-D172E2D3CF76}.Debug|iPhoneSimulator.Build.0 = Debug|Any CPU
		{35CE700D-80FE-4F8C-8CE2-D172E2D3CF76}.Debug|iPhoneSimulator.Deploy.0 = Debug|Any CPU
		{35CE700D-80FE-4F8C-8CE2-D172E2D3CF76}.Release|Any CPU.ActiveCfg = Release|Any CPU
		{35CE700D-80FE-4F8C-8CE2-D172E2D3CF76}.Release|Any CPU.Build.0 = Release|Any CPU
		{35CE700D-80FE-4F8C-8CE2-D172E2D3CF76}.Release|Any CPU.Deploy.0 = Release|Any CPU
		{35CE700D-80FE-4F8C-8CE2-D172E2D3CF76}.Release|iPhone.ActiveCfg = Release|Any CPU
		{35CE700D-80FE-4F8C-8CE2-D172E2D3CF76}.Release|iPhone.Build.0 = Release|Any CPU
		{35CE700D-80FE-4F8C-8CE2-D172E2D3CF76}.Release|iPhone.Deploy.0 = Release|Any CPU
		{35CE700D-80FE-4F8C-8CE2-D172E2D3CF76}.Release|iPhoneSimulator.ActiveCfg = Release|Any CPU
		{35CE700D-80FE-4F8C-8CE2-D172E2D3CF76}.Release|iPhoneSimulator.Build.0 = Release|Any CPU
		{35CE700D-80FE-4F8C-8CE2-D172E2D3CF76}.Release|iPhoneSimulator.Deploy.0 = Release|Any CPU
		{305DBE80-841A-4243-874E-D757276A94B5}.Debug|Any CPU.ActiveCfg = Debug|iPhoneSimulator
		{305DBE80-841A-4243-874E-D757276A94B5}.Debug|Any CPU.Build.0 = Debug|iPhoneSimulator
		{305DBE80-841A-4243-874E-D757276A94B5}.Debug|Any CPU.Deploy.0 = Debug|iPhoneSimulator
		{305DBE80-841A-4243-874E-D757276A94B5}.Debug|iPhone.ActiveCfg = Debug|iPhone
		{305DBE80-841A-4243-874E-D757276A94B5}.Debug|iPhone.Build.0 = Debug|iPhone
		{305DBE80-841A-4243-874E-D757276A94B5}.Debug|iPhone.Deploy.0 = Debug|iPhone
		{305DBE80-841A-4243-874E-D757276A94B5}.Debug|iPhoneSimulator.ActiveCfg = Debug|iPhoneSimulator
		{305DBE80-841A-4243-874E-D757276A94B5}.Debug|iPhoneSimulator.Build.0 = Debug|iPhoneSimulator
		{305DBE80-841A-4243-874E-D757276A94B5}.Debug|iPhoneSimulator.Deploy.0 = Debug|iPhoneSimulator
		{305DBE80-841A-4243-874E-D757276A94B5}.Release|Any CPU.ActiveCfg = Release|iPhone
		{305DBE80-841A-4243-874E-D757276A94B5}.Release|Any CPU.Build.0 = Release|iPhone
		{305DBE80-841A-4243-874E-D757276A94B5}.Release|Any CPU.Deploy.0 = Release|iPhone
		{305DBE80-841A-4243-874E-D757276A94B5}.Release|iPhone.ActiveCfg = Release|iPhone
		{305DBE80-841A-4243-874E-D757276A94B5}.Release|iPhone.Build.0 = Release|iPhone
		{305DBE80-841A-4243-874E-D757276A94B5}.Release|iPhone.Deploy.0 = Release|iPhone
		{305DBE80-841A-4243-874E-D757276A94B5}.Release|iPhoneSimulator.ActiveCfg = Release|iPhoneSimulator
		{305DBE80-841A-4243-874E-D757276A94B5}.Release|iPhoneSimulator.Build.0 = Release|iPhoneSimulator
		{305DBE80-841A-4243-874E-D757276A94B5}.Release|iPhoneSimulator.Deploy.0 = Release|iPhoneSimulator
		{A76530AE-8B9E-4186-8857-E8E3CD1910BA}.Debug|Any CPU.ActiveCfg = Debug|Any CPU
		{A76530AE-8B9E-4186-8857-E8E3CD1910BA}.Debug|Any CPU.Build.0 = Debug|Any CPU
		{A76530AE-8B9E-4186-8857-E8E3CD1910BA}.Debug|Any CPU.Deploy.0 = Debug|Any CPU
		{A76530AE-8B9E-4186-8857-E8E3CD1910BA}.Debug|iPhone.ActiveCfg = Debug|Any CPU
		{A76530AE-8B9E-4186-8857-E8E3CD1910BA}.Debug|iPhone.Build.0 = Debug|Any CPU
		{A76530AE-8B9E-4186-8857-E8E3CD1910BA}.Debug|iPhone.Deploy.0 = Debug|Any CPU
		{A76530AE-8B9E-4186-8857-E8E3CD1910BA}.Debug|iPhoneSimulator.ActiveCfg = Debug|Any CPU
		{A76530AE-8B9E-4186-8857-E8E3CD1910BA}.Debug|iPhoneSimulator.Build.0 = Debug|Any CPU
		{A76530AE-8B9E-4186-8857-E8E3CD1910BA}.Debug|iPhoneSimulator.Deploy.0 = Debug|Any CPU
		{A76530AE-8B9E-4186-8857-E8E3CD1910BA}.Release|Any CPU.ActiveCfg = Release|Any CPU
		{A76530AE-8B9E-4186-8857-E8E3CD1910BA}.Release|Any CPU.Build.0 = Release|Any CPU
		{A76530AE-8B9E-4186-8857-E8E3CD1910BA}.Release|Any CPU.Deploy.0 = Release|Any CPU
		{A76530AE-8B9E-4186-8857-E8E3CD1910BA}.Release|iPhone.ActiveCfg = Release|Any CPU
		{A76530AE-8B9E-4186-8857-E8E3CD1910BA}.Release|iPhone.Build.0 = Release|Any CPU
		{A76530AE-8B9E-4186-8857-E8E3CD1910BA}.Release|iPhone.Deploy.0 = Release|Any CPU
		{A76530AE-8B9E-4186-8857-E8E3CD1910BA}.Release|iPhoneSimulator.ActiveCfg = Release|Any CPU
		{A76530AE-8B9E-4186-8857-E8E3CD1910BA}.Release|iPhoneSimulator.Build.0 = Release|Any CPU
		{A76530AE-8B9E-4186-8857-E8E3CD1910BA}.Release|iPhoneSimulator.Deploy.0 = Release|Any CPU
	EndGlobalSection
	GlobalSection(SolutionProperties) = preSolution
		HideSolutionNode = FALSE
	EndGlobalSection
	GlobalSection(ExtensibilityGlobals) = postSolution
		SolutionGuid = {2EB4C008-DAE3-4FDC-853E-E349EF95AFC1}
	EndGlobalSection
EndGlobal
